{
  "lockfileVersion": 1,
  "configVersion": 1,
  "workspaces": {
    "": {
      "name": "pagoda-ui",
      "dependencies": {
        "alpinejs": "^3.16.0",
        "htmx.org": "^2.0.10",
      },
      "devDependencies": {
        "@types/alpinejs": "^3.13.0",
        "typescript": "^5.6.0",
      },
    },
  },
  "packages": {
    "@types/alpinejs": ["@types/alpinejs@3.17.0", "", {}, "sha512-sVgCM7bI/tUiHZVpDTsx/UBhcck3WSed21CeraITFDL16nGJI/wCVEGCYu7QWtI9+/D2Ripx9wGXoSzQSDog6A=="],

    "@vue/reactivity": ["@vue/reactivity@3.5.43", "", { "dependencies": { "@vue/shared": "3.5.43" } }, "sha512-G/c9GyOZNI2jVaaS6OX1EF1SSFSv7H0ERqNTl4+DTFMlZmB5eVAB53aLQNam/7NL2NPtaDD7RdVrzf8uJzMuOA=="],

    "@vue/shared": ["@vue/shared@3.5.43", "", {}, "sha512-uksS7YGMR5NZyr4JNq0Rp+QyLns0ueaz20KwzIPW9R0LH1Vnt4E+XUM29PNseEbf1www2gOuhuDi5AKOIXag9Q=="],

    "alpinejs": ["alpinejs@3.17.4", "", { "dependencies": { "@vue/reactivity": "~3.5.40" } }, "sha512-N2gsr+58XVUt7OAPKnUGiKPDtkd+xbSGTae8C8IJxeRdkkhBJPIautkJ+qcwb7lcjJ/QK3/CPVIbN20JPvtK7A=="],

    "htmx.org": ["htmx.org@2.0.11", "", {}, "sha512-Thx/WtpeOQqSrqBCw/A1cwGJGg4UrVa3+sW0GmrM3p4gJgO89ecH4qtbnyzDDWFvBTqjnIMCgELTNt636dtamA=="],

    "typescript": ["typescript@5.9.3", "", { "bin": { "tsc": "bin/tsc", "tsserver": "bin/tsserver" } }, "sha512-jl1vZzPDinLr9eUt3J/t7V6FgNEw9QjvBPdysz9KfQDD41fQrC2Y4vKQdiaUpFT4bXlb1RHhLpp8wtm6M5TgSw=="],
  }
}
